
Microsoft Visual Studio Solution File, Format Version 12.00
# Visual Studio Version 16
VisualStudioVersion = 16.0.29102.190
MinimumVisualStudioVersion = 10.0.40219.1
Project("{FAE04EC0-301F-11D3-BF4B-00C04F79EFBC}") = "0720_Git02", "0720_Git02.csproj", "{95AF4EE0-31BD-4C40-A099-049F3A3BD973}"
EndProject
Global
	GlobalSection(SolutionConfigurationPlatforms) = preSolution
		Debug|Any CPU = Debug|Any CPU
		Release|Any CPU = Release|Any CPU
	EndGlobalSection
	GlobalSection(ProjectConfigurationPlatforms) = postSolution
		{95AF4EE0-31BD-4C40-A099-049F3A3BD973}.Debug|Any CPU.ActiveCfg = Debug|Any CPU
		{95AF4EE0-31BD-4C40-A099-049F3A3BD973}.Debug|Any CPU.Build.0 = Debug|Any CPU
		{95AF4EE0-31BD-4C40-A099-049F3A3BD973}.Release|Any CPU.ActiveCfg = Release|Any CPU
		{95AF4EE0-31BD-4C40-A099-049F3A3BD973}.Release|Any CPU.Build.0 = Release|Any CPU
	EndGlobalSection
	GlobalSection(SolutionProperties) = preSolution
		HideSolutionNode = FALSE
	EndGlobalSection
	GlobalSection(ExtensibilityGlobals) = postSolution
		SolutionGuid = {AC0E4C67-397B-41CB-860B-CEFE7F1AB553}
	EndGlobalSection
EndGlobal
